// !$*UTF8*$!
{
	archiveVersion = 1;
	classes = {
	};
	objectVersion = 46;
	objects = {

/* Begin PBXBuildFile section */
		EE50C80619C13E970005A207 /* main.swift in Sources */ = {isa = PBXBuildFile; fileRef = EE50C80519C13E970005A207 /* main.swift */; };
		EE50C80819C13E970005A207 /* AppDelegate.swift in Sources */ = {isa = PBXBuildFile; fileRef = EE50C80719C13E970005A207 /* AppDelegate.swift */; };
		EE50C80A19C13E970005A207 /* Images.xcassets in Resources */ = {isa = PBXBuildFile; fileRef = EE50C80919C13E970005A207 /* Images.xcassets */; };
		EE50C80D19C13E970005A207 /* MainMenu.xib in Resources */ = {isa = PBXBuildFile; fileRef = EE50C80B19C13E970005A207 /* MainMenu.xib */; };
		EE50C81919C13E970005A207 /* IDOLMenubarTests.swift in Sources */ = {isa = PBXBuildFile; fileRef = EE50C81819C13E970005A207 /* IDOLMenubarTests.swift */; };
/* End PBXBuildFile section */

/* Begin PBXContainerItemProxy section */
		EE50C81319C13E970005A207 /* PBXContainerItemProxy */ = {
			isa = PBXContainerItemProxy;
			containerPortal = EE50C7F819C13E970005A207 /* Project object */;
			proxyType = 1;
			remoteGlobalIDString = EE50C7FF19C13E970005A207;
			remoteInfo = IDOLMenubar;
		};
/* End PBXContainerItemProxy section */

/* Begin PBXFileReference section */
		EE50C80019C13E970005A207 /* IDOLMenubar.app */ = {isa = PBXFileReference; explicitFileType = wrapper.application; includeInIndex = 0; path = IDOLMenubar.app; sourceTree = BUILT_PRODUCTS_DIR; };
		EE50C80419C13E970005A207 /* Info.plist */ = {isa = PBXFileReference; lastKnownFileType = text.plist.xml; path = Info.plist; sourceTree = "<group>"; };
		EE50C80519C13E970005A207 /* main.swift */ = {isa = PBXFileReference; lastKnownFileType = sourcecode.swift; path = main.swift; sourceTree = "<group>"; };
		EE50C80719C13E970005A207 /* AppDelegate.swift */ = {isa = PBXFileReference; lastKnownFileType = sourcecode.swift; path = AppDelegate.swift; sourceTree = "<group>"; };
		EE50C80919C13E970005A207 /* Images.xcassets */ = {isa = PBXFileReference; lastKnownFileType = folder.assetcatalog; path = Images.xcassets; sourceTree = "<group>"; };
		EE50C80C19C13E970005A207 /* Base */ = {isa = PBXFileReference; lastKnownFileType = file.xib; name = Base; path = Base.lproj/MainMenu.xib; sourceTree = "<group>"; };
		EE50C81219C13E970005A207 /* IDOLMenubarTests.xctest */ = {isa = PBXFileReference; explicitFileType = wrapper.cfbundle; includeInIndex = 0; path = IDOLMenubarTests.xctest; sourceTree = BUILT_PRODUCTS_DIR; };
		EE50C81719C13E970005A207 /* Info.plist */ = {isa = PBXFileReference; lastKnownFileType = text.plist.xml; path = Info.plist; sourceTree = "<group>"; };
		EE50C81819C13E970005A207 /* IDOLMenubarTests.swift */ = {isa = PBXFileReference; lastKnownFileType = sourcecode.swift; path = IDOLMenubarTests.swift; sourceTree = "<group>"; };
/* End PBXFileReference section */

/* Begin PBXFrameworksBuildPhase section */
		EE50C7FD19C13E970005A207 /* Frameworks */ = {
			isa = PBXFrameworksBuildPhase;
			buildActionMask = 2147483647;
			files = (
			);
			runOnlyForDeploymentPostprocessing = 0;
		};
		EE50C80F19C13E970005A207 /* Frameworks */ = {
			isa = PBXFrameworksBuildPhase;
			buildActionMask = 2147483647;
			files = (
			);
			runOnlyForDeploymentPostprocessing = 0;
		};
/* End PBXFrameworksBuildPhase section */

/* Begin PBXGroup section */
		EE50C7F719C13E970005A207 = {
			isa = PBXGroup;
			children = (
				EE50C80219C13E970005A207 /* IDOLMenubar */,
				EE50C81519C13E970005A207 /* IDOLMenubarTests */,
				EE50C80119C13E970005A207 /* Products */,
			);
			sourceTree = "<group>";
		};
		EE50C80119C13E970005A207 /* Products */ = {
			isa = PBXGroup;
			children = (
				EE50C80019C13E970005A207 /* IDOLMenubar.app */,
				EE50C81219C13E970005A207 /* IDOLMenubarTests.xctest */,
			);
			name = Products;
			sourceTree = "<group>";
		};
		EE50C80219C13E970005A207 /* IDOLMenubar */ = {
			isa = PBXGroup;
			children = (
				EE50C80719C13E970005A207 /* AppDelegate.swift */,
				EE50C80919C13E970005A207 /* Images.xcassets */,
				EE50C80B19C13E970005A207 /* MainMenu.xib */,
				EE50C80319C13E970005A207 /* Supporting Files */,
			);
			path = IDOLMenubar;
			sourceTree = "<group>";
		};
		EE50C80319C13E970005A207 /* Supporting Files */ = {
			isa = PBXGroup;
			children = (
				EE50C80419C13E970005A207 /* Info.plist */,
				EE50C80519C13E970005A207 /* main.swift */,
			);
			name = "Supporting Files";
			sourceTree = "<group>";
		};
		EE50C81519C13E970005A207 /* IDOLMenubarTests */ = {
			isa = PBXGroup;
			children = (
				EE50C81819C13E970005A207 /* IDOLMenubarTests.swift */,
				EE50C81619C13E970005A207 /* Supporting Files */,
			);
			path = IDOLMenubarTests;
			sourceTree = "<group>";
		};
		EE50C81619C13E970005A207 /* Supporting Files */ = {
			isa = PBXGroup;
			children = (
				EE50C81719C13E970005A207 /* Info.plist */,
			);
			name = "Supporting Files";
			sourceTree = "<group>";
		};
/* End PBXGroup section */

/* Begin PBXNativeTarget section */
		EE50C7FF19C13E970005A207 /* IDOLMenubar */ = {
			isa = PBXNativeTarget;
			buildConfigurationList = EE50C81C19C13E970005A207 /* Build configuration list for PBXNativeTarget "IDOLMenubar" */;
			buildPhases = (
				EE50C7FC19C13E970005A207 /* Sources */,
				EE50C7FD19C13E970005A207 /* Frameworks */,
				EE50C7FE19C13E970005A207 /* Resources */,
			);
			buildRules = (
			);
			dependencies = (
			);
			name = IDOLMenubar;
			productName = IDOLMenubar;
			productReference = EE50C80019C13E970005A207 /* IDOLMenubar.app */;
			productType = "com.apple.product-type.application";
		};
		EE50C81119C13E970005A207 /* IDOLMenubarTests */ = {
			isa = PBXNativeTarget;
			buildConfigurationList = EE50C81F19C13E970005A207 /* Build configuration list for PBXNativeTarget "IDOLMenubarTests" */;
			buildPhases = (
				EE50C80E19C13E970005A207 /* Sources */,
				EE50C80F19C13E970005A207 /* Frameworks */,
				EE50C81019C13E970005A207 /* Resources */,
			);
			buildRules = (
			);
			dependencies = (
				EE50C81419C13E970005A207 /* PBXTargetDependency */,
			);
			name = IDOLMenubarTests;
			productName = IDOLMenubarTests;
			productReference = EE50C81219C13E970005A207 /* IDOLMenubarTests.xctest */;
			productType = "com.apple.product-type.bundle.unit-test";
		};
/* End PBXNativeTarget section */

/* Begin PBXProject section */
		EE50C7F819C13E970005A207 /* Project object */ = {
			isa = PBXProject;
			attributes = {
				LastUpgradeCheck = 0600;
				ORGANIZATIONNAME = TwoPi;
				TargetAttributes = {
					EE50C7FF19C13E970005A207 = {
						CreatedOnToolsVersion = 6.0;
					};
					EE50C81119C13E970005A207 = {
						CreatedOnToolsVersion = 6.0;
						TestTargetID = EE50C7FF19C13E970005A207;
					};
				};
			};
			buildConfigurationList = EE50C7FB19C13E970005A207 /* Build configuration list for PBXProject "IDOLMenubar" */;
			compatibilityVersion = "Xcode 3.2";
			developmentRegion = English;
			hasScannedForEncodings = 0;
			knownRegions = (
				en,
				Base,
			);
			mainGroup = EE50C7F719C13E970005A207;
			productRefGroup = EE50C80119C13E970005A207 /* Products */;
			projectDirPath = "";
			projectRoot = "";
			targets = (
				EE50C7FF19C13E970005A207 /* IDOLMenubar */,
				EE50C81119C13E970005A207 /* IDOLMenubarTests */,
			);
		};
/* End PBXProject section */

/* Begin PBXResourcesBuildPhase section */
		EE50C7FE19C13E970005A207 /* Resources */ = {
			isa = PBXResourcesBuildPhase;
			buildActionMask = 2147483647;
			files = (
				EE50C80A19C13E970005A207 /* Images.xcassets in Resources */,
				EE50C80D19C13E970005A207 /* MainMenu.xib in Resources */,
			);
			runOnlyForDeploymentPostprocessing = 0;
		};
		EE50C81019C13E970005A207 /* Resources */ = {
			isa = PBXResourcesBuildPhase;
			buildActionMask = 2147483647;
			files = (
			);
			runOnlyForDeploymentPostprocessing = 0;
		};
/* End PBXResourcesBuildPhase section */

/* Begin PBXSourcesBuildPhase section */
		EE50C7FC19C13E970005A207 /* Sources */ = {
			isa = PBXSourcesBuildPhase;
			buildActionMask = 2147483647;
			files = (
				EE50C80819C13E970005A207 /* AppDelegate.swift in Sources */,
				EE50C80619C13E970005A207 /* main.swift in Sources */,
			);
			runOnlyForDeploymentPostprocessing = 0;
		};
		EE50C80E19C13E970005A207 /* Sources */ = {
			isa = PBXSourcesBuildPhase;
			buildActionMask = 2147483647;
			files = (
				EE50C81919C13E970005A207 /* IDOLMenubarTests.swift in Sources */,
			);
			runOnlyForDeploymentPostprocessing = 0;
		};
/* End PBXSourcesBuildPhase section */

/* Begin PBXTargetDependency section */
		EE50C81419C13E970005A207 /* PBXTargetDependency */ = {
			isa = PBXTargetDependency;
			target = EE50C7FF19C13E970005A207 /* IDOLMenubar */;
			targetProxy = EE50C81319C13E970005A207 /* PBXContainerItemProxy */;
		};
/* End PBXTargetDependency section */

/* Begin PBXVariantGroup section */
		EE50C80B19C13E970005A207 /* MainMenu.xib */ = {
			isa = PBXVariantGroup;
			children = (
				EE50C80C19C13E970005A207 /* Base */,
			);
			name = MainMenu.xib;
			sourceTree = "<group>";
		};
/* End PBXVariantGroup section */

/* Begin XCBuildConfiguration section */
		EE50C81A19C13E970005A207 /* Debug */ = {
			isa = XCBuildConfiguration;
			buildSettings = {
				ALWAYS_SEARCH_USER_PATHS = NO;
				CLANG_CXX_LANGUAGE_STANDARD = "gnu++0x";
				CLANG_CXX_LIBRARY = "libc++";
				CLANG_ENABLE_MODULES = YES;
				CLANG_ENABLE_OBJC_ARC = YES;
				CLANG_WARN_BOOL_CONVERSION = YES;
				CLANG_WARN_CONSTANT_CONVERSION = YES;
				CLANG_WARN_DIRECT_OBJC_ISA_USAGE = YES_ERROR;
				CLANG_WARN_EMPTY_BODY = YES;
				CLANG_WARN_ENUM_CONVERSION = YES;
				CLANG_WARN_INT_CONVERSION = YES;
				CLANG_WARN_OBJC_ROOT_CLASS = YES_ERROR;
				CLANG_WARN_UNREACHABLE_CODE = YES;
				CLANG_WARN__DUPLICATE_METHOD_MATCH = YES;
				CODE_SIGN_IDENTITY = "-";
				COPY_PHASE_STRIP = NO;
				ENABLE_STRICT_OBJC_MSGSEND = YES;
				GCC_C_LANGUAGE_STANDARD = gnu99;
				GCC_DYNAMIC_NO_PIC = NO;
				GCC_OPTIMIZATION_LEVEL = 0;
				GCC_PREPROCESSOR_DEFINITIONS = (
					"DEBUG=1",
					"$(inherited)",
				);
				GCC_SYMBOLS_PRIVATE_EXTERN = NO;
				GCC_WARN_64_TO_32_BIT_CONVERSION = YES;
				GCC_WARN_ABOUT_RETURN_TYPE = YES_ERROR;
				GCC_WARN_UNDECLARED_SELECTOR = YES;
				GCC_WARN_UNINITIALIZED_AUTOS = YES_AGGRESSIVE;
				GCC_WARN_UNUSED_FUNCTION = YES;
				GCC_WARN_UNUSED_VARIABLE = YES;
				MACOSX_DEPLOYMENT_TARGET = 10.9;
				MTL_ENABLE_DEBUG_INFO = YES;
				ONLY_ACTIVE_ARCH = YES;
				SDKROOT = macosx;
				SWIFT_OPTIMIZATION_LEVEL = "-Onone";
			};
			name = Debug;
		};
		EE50C81B19C13E970005A207 /* Release */ = {
			isa = XCBuildConfiguration;
			buildSettings = {
				ALWAYS_SEARCH_USER_PATHS = NO;
				CLANG_CXX_LANGUAGE_STANDARD = "gnu++0x";
				CLANG_CXX_LIBRARY = "libc++";
				CLANG_ENABLE_MODULES = YES;
				CLANG_ENABLE_OBJC_ARC = YES;
				CLANG_WARN_BOOL_CONVERSION = YES;
				CLANG_WARN_CONSTANT_CONVERSION = YES;
				CLANG_WARN_DIRECT_OBJC_ISA_USAGE = YES_ERROR;
				CLANG_WARN_EMPTY_BODY = YES;
				CLANG_WARN_ENUM_CONVERSION = YES;
				CLANG_WARN_INT_CONVERSION = YES;
				CLANG_WARN_OBJC_ROOT_CLASS = YES_ERROR;
				CLANG_WARN_UNREACHABLE_CODE = YES;
				CLANG_WARN__DUPLICATE_METHOD_MATCH = YES;
				CODE_SIGN_IDENTITY = "-";
				COPY_PHASE_STRIP = YES;
				DEBUG_INFORMATION_FORMAT = "dwarf-with-dsym";
				ENABLE_NS_ASSERTIONS = NO;
				ENABLE_STRICT_OBJC_MSGSEND = YES;
				GCC_C_LANGUAGE_STANDARD = gnu99;
				GCC_WARN_64_TO_32_BIT_CONVERSION = YES;
				GCC_WARN_ABOUT_RETURN_TYPE = YES_ERROR;
				GCC_WARN_UNDECLARED_SELECTOR = YES;
				GCC_WARN_UNINITIALIZED_AUTOS = YES_AGGRESSIVE;
				GCC_WARN_UNUSED_FUNCTION = YES;
				GCC_WARN_UNUSED_VARIABLE = YES;
				MACOSX_DEPLOYMENT_TARGET = 10.9;
				MTL_ENABLE_DEBUG_INFO = NO;
				SDKROOT = macosx;
			};
			name = Release;
		};
		EE50C81D19C13E970005A207 /* Debug */ = {
			isa = XCBuildConfiguration;
			buildSettings = {
				ASSETCATALOG_COMPILER_APPICON_NAME = AppIcon;
				COMBINE_HIDPI_IMAGES = YES;
				INFOPLIST_FILE = IDOLMenubar/Info.plist;
				LD_RUNPATH_SEARCH_PATHS = "$(inherited) @executable_path/../Frameworks";
				PRODUCT_NAME = "$(TARGET_NAME)";
			};
			name = Debug;
		};
		EE50C81E19C13E970005A207 /* Release */ = {
			isa = XCBuildConfiguration;
			buildSettings = {
				ASSETCATALOG_COMPILER_APPICON_NAME = AppIcon;
				COMBINE_HIDPI_IMAGES = YES;
				INFOPLIST_FILE = IDOLMenubar/Info.plist;
				LD_RUNPATH_SEARCH_PATHS = "$(inherited) @executable_path/../Frameworks";
				PRODUCT_NAME = "$(TARGET_NAME)";
			};
			name = Release;
		};
		EE50C82019C13E970005A207 /* Debug */ = {
			isa = XCBuildConfiguration;
			buildSettings = {
				BUNDLE_LOADER = "$(TEST_HOST)";
				COMBINE_HIDPI_IMAGES = YES;
				FRAMEWORK_SEARCH_PATHS = (
					"$(DEVELOPER_FRAMEWORKS_DIR)",
					"$(inherited)",
				);
				GCC_PREPROCESSOR_DEFINITIONS = (
					"DEBUG=1",
					"$(inherited)",
				);
				INFOPLIST_FILE = IDOLMenubarTests/Info.plist;
				LD_RUNPATH_SEARCH_PATHS = "$(inherited) @executable_path/../Frameworks @loader_path/../Frameworks";
				PRODUCT_NAME = "$(TARGET_NAME)";
				TEST_HOST = "$(BUILT_PRODUCTS_DIR)/IDOLMenubar.app/Contents/MacOS/IDOLMenubar";
			};
			name = Debug;
		};
		EE50C82119C13E970005A207 /* Release */ = {
			isa = XCBuildConfiguration;
			buildSettings = {
				BUNDLE_LOADER = "$(TEST_HOST)";
				COMBINE_HIDPI_IMAGES = YES;
				FRAMEWORK_SEARCH_PATHS = (
					"$(DEVELOPER_FRAMEWORKS_DIR)",
					"$(inherited)",
				);
				INFOPLIST_FILE = IDOLMenubarTests/Info.plist;
				LD_RUNPATH_SEARCH_PATHS = "$(inherited) @executable_path/../Frameworks @loader_path/../Frameworks";
				PRODUCT_NAME = "$(TARGET_NAME)";
				TEST_HOST = "$(BUILT_PRODUCTS_DIR)/IDOLMenubar.app/Contents/MacOS/IDOLMenubar";
			};
			name = Release;
		};
/* End XCBuildConfiguration section */

/* Begin XCConfigurationList section */
		EE50C7FB19C13E970005A207 /* Build configuration list for PBXProject "IDOLMenubar" */ = {
			isa = XCConfigurationList;
			buildConfigurations = (
				EE50C81A19C13E970005A207 /* Debug */,
				EE50C81B19C13E970005A207 /* Release */,
			);
			defaultConfigurationIsVisible = 0;
			defaultConfigurationName = Release;
		};
		EE50C81C19C13E970005A207 /* Build configuration list for PBXNativeTarget "IDOLMenubar" */ = {
			isa = XCConfigurationList;
			buildConfigurations = (
				EE50C81D19C13E970005A207 /* Debug */,
				EE50C81E19C13E970005A207 /* Release */,
			);
			defaultConfigurationIsVisible = 0;
		};
		EE50C81F19C13E970005A207 /* Build configuration list for PBXNativeTarget "IDOLMenubarTests" */ = {
			isa = XCConfigurationList;
			buildConfigurations = (
				EE50C82019C13E970005A207 /* Debug */,
				EE50C82119C13E970005A207 /* Release */,
			);
			defaultConfigurationIsVisible = 0;
		};
/* End XCConfigurationList section */
	};
	rootObject = EE50C7F819C13E970005A207 /* Project object */;
}
